
Microsoft Visual Studio Solution File, Format Version 12.00
# Visual Studio Version 16
VisualStudioVersion = 16.0.29326.143
MinimumVisualStudioVersion = 10.0.40219.1
Project("{FAE04EC0-301F-11D3-BF4B-00C04F79EFBC}") = "TestePostgres", "TestePostgres\TestePostgres.csproj", "{5D038C4E-04F4-4FDF-A4CA-45CA881793A6}"
EndProject
Global
	GlobalSection(SolutionConfigurationPlatforms) = preSolution
		Debug|Any CPU = Debug|Any CPU
		Release|Any CPU = Release|Any CPU
	EndGlobalSection
	GlobalSection(ProjectConfigurationPlatforms) = postSolution
		{5D038C4E-04F4-4FDF-A4CA-45CA881793A6}.Debug|Any CPU.ActiveCfg = Debug|Any CPU
		{5D038C4E-04F4-4FDF-A4CA-45CA881793A6}.Debug|Any CPU.Build.0 = Debug|Any CPU
		{5D038C4E-04F4-4FDF-A4CA-45CA881793A6}.Release|Any CPU.ActiveCfg = Release|Any CPU
		{5D038C4E-04F4-4FDF-A4CA-45CA881793A6}.Release|Any CPU.Build.0 = Release|Any CPU
	EndGlobalSection
	GlobalSection(SolutionProperties) = preSolution
		HideSolutionNode = FALSE
	EndGlobalSection
	GlobalSection(ExtensibilityGlobals) = postSolution
		SolutionGuid = {394A8DEB-4182-43EC-B50E-0B27673AD58F}
	EndGlobalSection
EndGlobal
